// !$*UTF8*$!
{
	archiveVersion = 1;
	classes = {
	};
	objectVersion = 56;
	objects = {

/* Begin PBXBuildFile section */
		794AEB6A2A379033003A55C9 /* AppDelegate.swift in Sources */ = {isa = PBXBuildFile; fileRef = 794AEB692A379033003A55C9 /* AppDelegate.swift */; };
		794AEB6C2A379033003A55C9 /* SceneDelegate.swift in Sources */ = {isa = PBXBuildFile; fileRef = 794AEB6B2A379033003A55C9 /* SceneDelegate.swift */; };
		794AEB6E2A379033003A55C9 /* ViewController.swift in Sources */ = {isa = PBXBuildFile; fileRef = 794AEB6D2A379033003A55C9 /* ViewController.swift */; };
		794AEB712A379033003A55C9 /* Main.storyboard in Resources */ = {isa = PBXBuildFile; fileRef = 794AEB6F2A379033003A55C9 /* Main.storyboard */; };
		794AEB742A379033003A55C9 /* Web3ProjectManagement.xcdatamodeld in Sources */ = {isa = PBXBuildFile; fileRef = 794AEB722A379033003A55C9 /* Web3ProjectManagement.xcdatamodeld */; };
		794AEB762A379038003A55C9 /* Assets.xcassets in Resources */ = {isa = PBXBuildFile; fileRef = 794AEB752A379038003A55C9 /* Assets.xcassets */; };
		794AEB792A379038003A55C9 /* LaunchScreen.storyboard in Resources */ = {isa = PBXBuildFile; fileRef = 794AEB772A379038003A55C9 /* LaunchScreen.storyboard */; };
		794AEB842A379039003A55C9 /* Web3ProjectManagementTests.swift in Sources */ = {isa = PBXBuildFile; fileRef = 794AEB832A379039003A55C9 /* Web3ProjectManagementTests.swift */; };
		794AEB8E2A379039003A55C9 /* Web3ProjectManagementUITests.swift in Sources */ = {isa = PBXBuildFile; fileRef = 794AEB8D2A379039003A55C9 /* Web3ProjectManagementUITests.swift */; };
		794AEB902A379039003A55C9 /* Web3ProjectManagementUITestsLaunchTests.swift in Sources */ = {isa = PBXBuildFile; fileRef = 794AEB8F2A379039003A55C9 /* Web3ProjectManagementUITestsLaunchTests.swift */; };
		794AEB9D2A37B715003A55C9 /* Foundation.framework in Frameworks */ = {isa = PBXBuildFile; fileRef = 794AEB9C2A37B714003A55C9 /* Foundation.framework */; };
		794AEB9F2A37C16C003A55C9 /* IntroViewController.swift in Sources */ = {isa = PBXBuildFile; fileRef = 794AEB9E2A37C16C003A55C9 /* IntroViewController.swift */; };
		794AEBA12A37D181003A55C9 /* ProjectListViewController.swift in Sources */ = {isa = PBXBuildFile; fileRef = 794AEBA02A37D181003A55C9 /* ProjectListViewController.swift */; };
		794AEBA32A37DD18003A55C9 /* projectListTableViewCell.swift in Sources */ = {isa = PBXBuildFile; fileRef = 794AEBA22A37DD18003A55C9 /* projectListTableViewCell.swift */; };
		794AEBEA2A37F436003A55C9 /* web3swift in Frameworks */ = {isa = PBXBuildFile; productRef = 794AEBE92A37F436003A55C9 /* web3swift */; };
		794AEBEC2A380997003A55C9 /* projectContractABI.txt in Resources */ = {isa = PBXBuildFile; fileRef = 794AEBEB2A380997003A55C9 /* projectContractABI.txt */; };
		794AEBEE2A3809CA003A55C9 /* userManagerABI.txt in Resources */ = {isa = PBXBuildFile; fileRef = 794AEBED2A3809CA003A55C9 /* userManagerABI.txt */; };
		7957D96C2A3A34CB0034AA4B /* proposalsViewController.swift in Sources */ = {isa = PBXBuildFile; fileRef = 7957D96B2A3A34CB0034AA4B /* proposalsViewController.swift */; };
		7957D96E2A3A34F40034AA4B /* proposalsTableViewCell.swift in Sources */ = {isa = PBXBuildFile; fileRef = 7957D96D2A3A34F40034AA4B /* proposalsTableViewCell.swift */; };
		79C44EEF2A3B70D300784CF9 /* newProjectViewController.swift in Sources */ = {isa = PBXBuildFile; fileRef = 79C44EEE2A3B70D300784CF9 /* newProjectViewController.swift */; };
		79D503A32A3AA0D100A33ED7 /* proposalViewController.swift in Sources */ = {isa = PBXBuildFile; fileRef = 79D503A22A3AA0D100A33ED7 /* proposalViewController.swift */; };
		79D503A62A3AB5D500A33ED7 /* customNavigationController.swift in Sources */ = {isa = PBXBuildFile; fileRef = 79D503A42A3AB5D500A33ED7 /* customNavigationController.swift */; };
		79E9CD102A3BC3A6005EB563 /* newProposal1ViewController.swift in Sources */ = {isa = PBXBuildFile; fileRef = 79E9CD0F2A3BC3A6005EB563 /* newProposal1ViewController.swift */; };
		79E9CD122A3BC3B3005EB563 /* newProposal2ViewController.swift in Sources */ = {isa = PBXBuildFile; fileRef = 79E9CD112A3BC3B3005EB563 /* newProposal2ViewController.swift */; };
		79E9CD142A3BC3C2005EB563 /* newProposal3ViewController.swift in Sources */ = {isa = PBXBuildFile; fileRef = 79E9CD132A3BC3C2005EB563 /* newProposal3ViewController.swift */; };
		79E9CD162A3BEE26005EB563 /* projectMembersViewController.swift in Sources */ = {isa = PBXBuildFile; fileRef = 79E9CD152A3BEE26005EB563 /* projectMembersViewController.swift */; };
		79E9CD182A3BEE7C005EB563 /* projectMembersTableViewCell.swift in Sources */ = {isa = PBXBuildFile; fileRef = 79E9CD172A3BEE7C005EB563 /* projectMembersTableViewCell.swift */; };
		B96C19F640DF4508B724E753 /* Pods_Web3ProjectManagement_Web3ProjectManagementUITests.framework in Frameworks */ = {isa = PBXBuildFile; fileRef = B2F4F26FDC33B381FA4C5708 /* Pods_Web3ProjectManagement_Web3ProjectManagementUITests.framework */; };
		CC08B8B80898CFCAE7D9328E /* Pods_Web3ProjectManagementTests.framework in Frameworks */ = {isa = PBXBuildFile; fileRef = B46FFB9A4F0B93E04B4484D8 /* Pods_Web3ProjectManagementTests.framework */; };
/* End PBXBuildFile section */

/* Begin PBXContainerItemProxy section */
		794AEB802A379039003A55C9 /* PBXContainerItemProxy */ = {
			isa = PBXContainerItemProxy;
			containerPortal = 794AEB5E2A379033003A55C9 /* Project object */;
			proxyType = 1;
			remoteGlobalIDString = 794AEB652A379033003A55C9;
			remoteInfo = Web3ProjectManagement;
		};
		794AEB8A2A379039003A55C9 /* PBXContainerItemProxy */ = {
			isa = PBXContainerItemProxy;
			containerPortal = 794AEB5E2A379033003A55C9 /* Project object */;
			proxyType = 1;
			remoteGlobalIDString = 794AEB652A379033003A55C9;
			remoteInfo = Web3ProjectManagement;
		};
/* End PBXContainerItemProxy section */

/* Begin PBXFileReference section */
		4FB239D8EC40823725E3920E /* Pods_Web3ProjectManagement.framework */ = {isa = PBXFileReference; explicitFileType = wrapper.framework; includeInIndex = 0; path = Pods_Web3ProjectManagement.framework; sourceTree = BUILT_PRODUCTS_DIR; };
		794AEB662A379033003A55C9 /* Web3ProjectManagement.app */ = {isa = PBXFileReference; explicitFileType = wrapper.application; includeInIndex = 0; path = Web3ProjectManagement.app; sourceTree = BUILT_PRODUCTS_DIR; };
		794AEB692A379033003A55C9 /* AppDelegate.swift */ = {isa = PBXFileReference; lastKnownFileType = sourcecode.swift; path = AppDelegate.swift; sourceTree = "<group>"; };
		794AEB6B2A379033003A55C9 /* SceneDelegate.swift */ = {isa = PBXFileReference; lastKnownFileType = sourcecode.swift; path = SceneDelegate.swift; sourceTree = "<group>"; };
		794AEB6D2A379033003A55C9 /* ViewController.swift */ = {isa = PBXFileReference; lastKnownFileType = sourcecode.swift; path = ViewController.swift; sourceTree = "<group>"; };
		794AEB702A379033003A55C9 /* Base */ = {isa = PBXFileReference; lastKnownFileType = file.storyboard; name = Base; path = Base.lproj/Main.storyboard; sourceTree = "<group>"; };
		794AEB732A379033003A55C9 /* Web3ProjectManagement.xcdatamodel */ = {isa = PBXFileReference; lastKnownFileType = wrapper.xcdatamodel; path = Web3ProjectManagement.xcdatamodel; sourceTree = "<group>"; };
		794AEB752A379038003A55C9 /* Assets.xcassets */ = {isa = PBXFileReference; lastKnownFileType = folder.assetcatalog; path = Assets.xcassets; sourceTree = "<group>"; };
		794AEB782A379038003A55C9 /* Base */ = {isa = PBXFileReference; lastKnownFileType = file.storyboard; name = Base; path = Base.lproj/LaunchScreen.storyboard; sourceTree = "<group>"; };
		794AEB7A2A379038003A55C9 /* Info.plist */ = {isa = PBXFileReference; lastKnownFileType = text.plist.xml; path = Info.plist; sourceTree = "<group>"; };
		794AEB7F2A379039003A55C9 /* Web3ProjectManagementTests.xctest */ = {isa = PBXFileReference; explicitFileType = wrapper.cfbundle; includeInIndex = 0; path = Web3ProjectManagementTests.xctest; sourceTree = BUILT_PRODUCTS_DIR; };
		794AEB832A379039003A55C9 /* Web3ProjectManagementTests.swift */ = {isa = PBXFileReference; lastKnownFileType = sourcecode.swift; path = Web3ProjectManagementTests.swift; sourceTree = "<group>"; };
		794AEB892A379039003A55C9 /* Web3ProjectManagementUITests.xctest */ = {isa = PBXFileReference; explicitFileType = wrapper.cfbundle; includeInIndex = 0; path = Web3ProjectManagementUITests.xctest; sourceTree = BUILT_PRODUCTS_DIR; };
		794AEB8D2A379039003A55C9 /* Web3ProjectManagementUITests.swift */ = {isa = PBXFileReference; lastKnownFileType = sourcecode.swift; path = Web3ProjectManagementUITests.swift; sourceTree = "<group>"; };
		794AEB8F2A379039003A55C9 /* Web3ProjectManagementUITestsLaunchTests.swift */ = {isa = PBXFileReference; lastKnownFileType = sourcecode.swift; path = Web3ProjectManagementUITestsLaunchTests.swift; sourceTree = "<group>"; };
		794AEB9C2A37B714003A55C9 /* Foundation.framework */ = {isa = PBXFileReference; lastKnownFileType = wrapper.framework; name = Foundation.framework; path = System/Library/Frameworks/Foundation.framework; sourceTree = SDKROOT; };
		794AEB9E2A37C16C003A55C9 /* IntroViewController.swift */ = {isa = PBXFileReference; lastKnownFileType = sourcecode.swift; path = IntroViewController.swift; sourceTree = "<group>"; };
		794AEBA02A37D181003A55C9 /* ProjectListViewController.swift */ = {isa = PBXFileReference; lastKnownFileType = sourcecode.swift; path = ProjectListViewController.swift; sourceTree = "<group>"; };
		794AEBA22A37DD18003A55C9 /* projectListTableViewCell.swift */ = {isa = PBXFileReference; lastKnownFileType = sourcecode.swift; path = projectListTableViewCell.swift; sourceTree = "<group>"; };
		794AEBEB2A380997003A55C9 /* projectContractABI.txt */ = {isa = PBXFileReference; fileEncoding = 4; lastKnownFileType = text; path = projectContractABI.txt; sourceTree = "<group>"; };
		794AEBED2A3809CA003A55C9 /* userManagerABI.txt */ = {isa = PBXFileReference; fileEncoding = 4; lastKnownFileType = text; path = userManagerABI.txt; sourceTree = "<group>"; };
		7957D96B2A3A34CB0034AA4B /* proposalsViewController.swift */ = {isa = PBXFileReference; lastKnownFileType = sourcecode.swift; path = proposalsViewController.swift; sourceTree = "<group>"; };
		7957D96D2A3A34F40034AA4B /* proposalsTableViewCell.swift */ = {isa = PBXFileReference; lastKnownFileType = sourcecode.swift; path = proposalsTableViewCell.swift; sourceTree = "<group>"; };
		79C44EEE2A3B70D300784CF9 /* newProjectViewController.swift */ = {isa = PBXFileReference; lastKnownFileType = sourcecode.swift; path = newProjectViewController.swift; sourceTree = "<group>"; };
		79D503A22A3AA0D100A33ED7 /* proposalViewController.swift */ = {isa = PBXFileReference; lastKnownFileType = sourcecode.swift; path = proposalViewController.swift; sourceTree = "<group>"; };
		79D503A42A3AB5D500A33ED7 /* customNavigationController.swift */ = {isa = PBXFileReference; lastKnownFileType = sourcecode.swift; path = customNavigationController.swift; sourceTree = "<group>"; };
		79E9CD0F2A3BC3A6005EB563 /* newProposal1ViewController.swift */ = {isa = PBXFileReference; lastKnownFileType = sourcecode.swift; path = newProposal1ViewController.swift; sourceTree = "<group>"; };
		79E9CD112A3BC3B3005EB563 /* newProposal2ViewController.swift */ = {isa = PBXFileReference; lastKnownFileType = sourcecode.swift; path = newProposal2ViewController.swift; sourceTree = "<group>"; };
		79E9CD132A3BC3C2005EB563 /* newProposal3ViewController.swift */ = {isa = PBXFileReference; lastKnownFileType = sourcecode.swift; path = newProposal3ViewController.swift; sourceTree = "<group>"; };
		79E9CD152A3BEE26005EB563 /* projectMembersViewController.swift */ = {isa = PBXFileReference; lastKnownFileType = sourcecode.swift; path = projectMembersViewController.swift; sourceTree = "<group>"; };
		79E9CD172A3BEE7C005EB563 /* projectMembersTableViewCell.swift */ = {isa = PBXFileReference; lastKnownFileType = sourcecode.swift; path = projectMembersTableViewCell.swift; sourceTree = "<group>"; };
		B2F4F26FDC33B381FA4C5708 /* Pods_Web3ProjectManagement_Web3ProjectManagementUITests.framework */ = {isa = PBXFileReference; explicitFileType = wrapper.framework; includeInIndex = 0; path = Pods_Web3ProjectManagement_Web3ProjectManagementUITests.framework; sourceTree = BUILT_PRODUCTS_DIR; };
		B46FFB9A4F0B93E04B4484D8 /* Pods_Web3ProjectManagementTests.framework */ = {isa = PBXFileReference; explicitFileType = wrapper.framework; includeInIndex = 0; path = Pods_Web3ProjectManagementTests.framework; sourceTree = BUILT_PRODUCTS_DIR; };
/* End PBXFileReference section */

/* Begin PBXFrameworksBuildPhase section */
		794AEB632A379033003A55C9 /* Frameworks */ = {
			isa = PBXFrameworksBuildPhase;
			buildActionMask = 2147483647;
			files = (
				794AEB9D2A37B715003A55C9 /* Foundation.framework in Frameworks */,
				794AEBEA2A37F436003A55C9 /* web3swift in Frameworks */,
			);
			runOnlyForDeploymentPostprocessing = 0;
		};
		794AEB7C2A379039003A55C9 /* Frameworks */ = {
			isa = PBXFrameworksBuildPhase;
			buildActionMask = 2147483647;
			files = (
				CC08B8B80898CFCAE7D9328E /* Pods_Web3ProjectManagementTests.framework in Frameworks */,
			);
			runOnlyForDeploymentPostprocessing = 0;
		};
		794AEB862A379039003A55C9 /* Frameworks */ = {
			isa = PBXFrameworksBuildPhase;
			buildActionMask = 2147483647;
			files = (
				B96C19F640DF4508B724E753 /* Pods_Web3ProjectManagement_Web3ProjectManagementUITests.framework in Frameworks */,
			);
			runOnlyForDeploymentPostprocessing = 0;
		};
/* End PBXFrameworksBuildPhase section */

/* Begin PBXGroup section */
		794AEB5D2A379033003A55C9 = {
			isa = PBXGroup;
			children = (
				794AEB682A379033003A55C9 /* Web3ProjectManagement */,
				794AEB822A379039003A55C9 /* Web3ProjectManagementTests */,
				794AEB8C2A379039003A55C9 /* Web3ProjectManagementUITests */,
				794AEB672A379033003A55C9 /* Products */,
				EF79B0BEF7763F6103E4AA77 /* Frameworks */,
			);
			sourceTree = "<group>";
		};
		794AEB672A379033003A55C9 /* Products */ = {
			isa = PBXGroup;
			children = (
				794AEB662A379033003A55C9 /* Web3ProjectManagement.app */,
				794AEB7F2A379039003A55C9 /* Web3ProjectManagementTests.xctest */,
				794AEB892A379039003A55C9 /* Web3ProjectManagementUITests.xctest */,
			);
			name = Products;
			sourceTree = "<group>";
		};
		794AEB682A379033003A55C9 /* Web3ProjectManagement */ = {
			isa = PBXGroup;
			children = (
				794AEBEB2A380997003A55C9 /* projectContractABI.txt */,
				794AEBED2A3809CA003A55C9 /* userManagerABI.txt */,
				794AEB692A379033003A55C9 /* AppDelegate.swift */,
				794AEB6B2A379033003A55C9 /* SceneDelegate.swift */,
				794AEB6D2A379033003A55C9 /* ViewController.swift */,
				794AEB6F2A379033003A55C9 /* Main.storyboard */,
				79E9CD172A3BEE7C005EB563 /* projectMembersTableViewCell.swift */,
				79E9CD152A3BEE26005EB563 /* projectMembersViewController.swift */,
				79E9CD0F2A3BC3A6005EB563 /* newProposal1ViewController.swift */,
				79E9CD112A3BC3B3005EB563 /* newProposal2ViewController.swift */,
				79E9CD132A3BC3C2005EB563 /* newProposal3ViewController.swift */,
				79C44EEE2A3B70D300784CF9 /* newProjectViewController.swift */,
				79D503A42A3AB5D500A33ED7 /* customNavigationController.swift */,
				79D503A22A3AA0D100A33ED7 /* proposalViewController.swift */,
				7957D96D2A3A34F40034AA4B /* proposalsTableViewCell.swift */,
				7957D96B2A3A34CB0034AA4B /* proposalsViewController.swift */,
				794AEBA22A37DD18003A55C9 /* projectListTableViewCell.swift */,
				794AEBA02A37D181003A55C9 /* ProjectListViewController.swift */,
				794AEB9E2A37C16C003A55C9 /* IntroViewController.swift */,
				794AEB752A379038003A55C9 /* Assets.xcassets */,
				794AEB772A379038003A55C9 /* LaunchScreen.storyboard */,
				794AEB7A2A379038003A55C9 /* Info.plist */,
				794AEB722A379033003A55C9 /* Web3ProjectManagement.xcdatamodeld */,
			);
			path = Web3ProjectManagement;
			sourceTree = "<group>";
		};
		794AEB822A379039003A55C9 /* Web3ProjectManagementTests */ = {
			isa = PBXGroup;
			children = (
				794AEB832A379039003A55C9 /* Web3ProjectManagementTests.swift */,
			);
			path = Web3ProjectManagementTests;
			sourceTree = "<group>";
		};
		794AEB8C2A379039003A55C9 /* Web3ProjectManagementUITests */ = {
			isa = PBXGroup;
			children = (
				794AEB8D2A379039003A55C9 /* Web3ProjectManagementUITests.swift */,
				794AEB8F2A379039003A55C9 /* Web3ProjectManagementUITestsLaunchTests.swift */,
			);
			path = Web3ProjectManagementUITests;
			sourceTree = "<group>";
		};
		EF79B0BEF7763F6103E4AA77 /* Frameworks */ = {
			isa = PBXGroup;
			children = (
				794AEB9C2A37B714003A55C9 /* Foundation.framework */,
				4FB239D8EC40823725E3920E /* Pods_Web3ProjectManagement.framework */,
				B2F4F26FDC33B381FA4C5708 /* Pods_Web3ProjectManagement_Web3ProjectManagementUITests.framework */,
				B46FFB9A4F0B93E04B4484D8 /* Pods_Web3ProjectManagementTests.framework */,
			);
			name = Frameworks;
			sourceTree = "<group>";
		};
/* End PBXGroup section */

/* Begin PBXNativeTarget section */
		794AEB652A379033003A55C9 /* Web3ProjectManagement */ = {
			isa = PBXNativeTarget;
			buildConfigurationList = 794AEB932A379039003A55C9 /* Build configuration list for PBXNativeTarget "Web3ProjectManagement" */;
			buildPhases = (
				794AEB622A379033003A55C9 /* Sources */,
				794AEB632A379033003A55C9 /* Frameworks */,
				794AEB642A379033003A55C9 /* Resources */,
			);
			buildRules = (
			);
			dependencies = (
			);
			name = Web3ProjectManagement;
			packageProductDependencies = (
				794AEBE92A37F436003A55C9 /* web3swift */,
			);
			productName = Web3ProjectManagement;
			productReference = 794AEB662A379033003A55C9 /* Web3ProjectManagement.app */;
			productType = "com.apple.product-type.application";
		};
		794AEB7E2A379039003A55C9 /* Web3ProjectManagementTests */ = {
			isa = PBXNativeTarget;
			buildConfigurationList = 794AEB962A379039003A55C9 /* Build configuration list for PBXNativeTarget "Web3ProjectManagementTests" */;
			buildPhases = (
				1D894BDABF21CCCBD8917F31 /* [CP] Check Pods Manifest.lock */,
				794AEB7B2A379039003A55C9 /* Sources */,
				794AEB7C2A379039003A55C9 /* Frameworks */,
				794AEB7D2A379039003A55C9 /* Resources */,
			);
			buildRules = (
			);
			dependencies = (
				794AEB812A379039003A55C9 /* PBXTargetDependency */,
			);
			name = Web3ProjectManagementTests;
			productName = Web3ProjectManagementTests;
			productReference = 794AEB7F2A379039003A55C9 /* Web3ProjectManagementTests.xctest */;
			productType = "com.apple.product-type.bundle.unit-test";
		};
		794AEB882A379039003A55C9 /* Web3ProjectManagementUITests */ = {
			isa = PBXNativeTarget;
			buildConfigurationList = 794AEB992A379039003A55C9 /* Build configuration list for PBXNativeTarget "Web3ProjectManagementUITests" */;
			buildPhases = (
				F1DF54CFB96D7873682E307C /* [CP] Check Pods Manifest.lock */,
				794AEB852A379039003A55C9 /* Sources */,
				794AEB862A379039003A55C9 /* Frameworks */,
				794AEB872A379039003A55C9 /* Resources */,
				64D1116B0E991BEBF9FB3CC3 /* [CP] Embed Pods Frameworks */,
			);
			buildRules = (
			);
			dependencies = (
				794AEB8B2A379039003A55C9 /* PBXTargetDependency */,
			);
			name = Web3ProjectManagementUITests;
			productName = Web3ProjectManagementUITests;
			productReference = 794AEB892A379039003A55C9 /* Web3ProjectManagementUITests.xctest */;
			productType = "com.apple.product-type.bundle.ui-testing";
		};
/* End PBXNativeTarget section */

/* Begin PBXProject section */
		794AEB5E2A379033003A55C9 /* Project object */ = {
			isa = PBXProject;
			attributes = {
				BuildIndependentTargetsInParallel = 1;
				LastSwiftUpdateCheck = 1430;
				LastUpgradeCheck = 1430;
				TargetAttributes = {
					794AEB652A379033003A55C9 = {
						CreatedOnToolsVersion = 14.3;
					};
					794AEB7E2A379039003A55C9 = {
						CreatedOnToolsVersion = 14.3;
						TestTargetID = 794AEB652A379033003A55C9;
					};
					794AEB882A379039003A55C9 = {
						CreatedOnToolsVersion = 14.3;
						TestTargetID = 794AEB652A379033003A55C9;
					};
				};
			};
			buildConfigurationList = 794AEB612A379033003A55C9 /* Build configuration list for PBXProject "Web3ProjectManagement" */;
			compatibilityVersion = "Xcode 14.0";
			developmentRegion = en;
			hasScannedForEncodings = 0;
			knownRegions = (
				en,
				Base,
			);
			mainGroup = 794AEB5D2A379033003A55C9;
			packageReferences = (
				794AEBE82A37F436003A55C9 /* XCRemoteSwiftPackageReference "web3swift" */,
			);
			productRefGroup = 794AEB672A379033003A55C9 /* Products */;
			projectDirPath = "";
			projectRoot = "";
			targets = (
				794AEB652A379033003A55C9 /* Web3ProjectManagement */,
				794AEB7E2A379039003A55C9 /* Web3ProjectManagementTests */,
				794AEB882A379039003A55C9 /* Web3ProjectManagementUITests */,
			);
		};
/* End PBXProject section */

/* Begin PBXResourcesBuildPhase section */
		794AEB642A379033003A55C9 /* Resources */ = {
			isa = PBXResourcesBuildPhase;
			buildActionMask = 2147483647;
			files = (
				794AEB792A379038003A55C9 /* LaunchScreen.storyboard in Resources */,
				794AEBEE2A3809CA003A55C9 /* userManagerABI.txt in Resources */,
				794AEB762A379038003A55C9 /* Assets.xcassets in Resources */,
				794AEBEC2A380997003A55C9 /* projectContractABI.txt in Resources */,
				794AEB712A379033003A55C9 /* Main.storyboard in Resources */,
			);
			runOnlyForDeploymentPostprocessing = 0;
		};
		794AEB7D2A379039003A55C9 /* Resources */ = {
			isa = PBXResourcesBuildPhase;
			buildActionMask = 2147483647;
			files = (
			);
			runOnlyForDeploymentPostprocessing = 0;
		};
		794AEB872A379039003A55C9 /* Resources */ = {
			isa = PBXResourcesBuildPhase;
			buildActionMask = 2147483647;
			files = (
			);
			runOnlyForDeploymentPostprocessing = 0;
		};
/* End PBXResourcesBuildPhase section */

/* Begin PBXShellScriptBuildPhase section */
		1D894BDABF21CCCBD8917F31 /* [CP] Check Pods Manifest.lock */ = {
			isa = PBXShellScriptBuildPhase;
			buildActionMask = 2147483647;
			files = (
			);
			inputFileListPaths = (
			);
			inputPaths = (
				"${PODS_PODFILE_DIR_PATH}/Podfile.lock",
				"${PODS_ROOT}/Manifest.lock",
			);
			name = "[CP] Check Pods Manifest.lock";
			outputFileListPaths = (
			);
			outputPaths = (
				"$(DERIVED_FILE_DIR)/Pods-Web3ProjectManagementTests-checkManifestLockResult.txt",
			);
			runOnlyForDeploymentPostprocessing = 0;
			shellPath = /bin/sh;
			shellScript = "diff \"${PODS_PODFILE_DIR_PATH}/Podfile.lock\" \"${PODS_ROOT}/Manifest.lock\" > /dev/null\nif [ $? != 0 ] ; then\n    # print error to STDERR\n    echo \"error: The sandbox is not in sync with the Podfile.lock. Run 'pod install' or update your CocoaPods installation.\" >&2\n    exit 1\nfi\n# This output is used by Xcode 'outputs' to avoid re-running this script phase.\necho \"SUCCESS\" > \"${SCRIPT_OUTPUT_FILE_0}\"\n";
			showEnvVarsInLog = 0;
		};
		64D1116B0E991BEBF9FB3CC3 /* [CP] Embed Pods Frameworks */ = {
			isa = PBXShellScriptBuildPhase;
			buildActionMask = 2147483647;
			files = (
			);
			inputFileListPaths = (
				"${PODS_ROOT}/Target Support Files/Pods-Web3ProjectManagement-Web3ProjectManagementUITests/Pods-Web3ProjectManagement-Web3ProjectManagementUITests-frameworks-${CONFIGURATION}-input-files.xcfilelist",
			);
			name = "[CP] Embed Pods Frameworks";
			outputFileListPaths = (
				"${PODS_ROOT}/Target Support Files/Pods-Web3ProjectManagement-Web3ProjectManagementUITests/Pods-Web3ProjectManagement-Web3ProjectManagementUITests-frameworks-${CONFIGURATION}-output-files.xcfilelist",
			);
			runOnlyForDeploymentPostprocessing = 0;
			shellPath = /bin/sh;
			shellScript = "\"${PODS_ROOT}/Target Support Files/Pods-Web3ProjectManagement-Web3ProjectManagementUITests/Pods-Web3ProjectManagement-Web3ProjectManagementUITests-frameworks.sh\"\n";
			showEnvVarsInLog = 0;
		};
		F1DF54CFB96D7873682E307C /* [CP] Check Pods Manifest.lock */ = {
			isa = PBXShellScriptBuildPhase;
			buildActionMask = 2147483647;
			files = (
			);
			inputFileListPaths = (
			);
			inputPaths = (
				"${PODS_PODFILE_DIR_PATH}/Podfile.lock",
				"${PODS_ROOT}/Manifest.lock",
			);
			name = "[CP] Check Pods Manifest.lock";
			outputFileListPaths = (
			);
			outputPaths = (
				"$(DERIVED_FILE_DIR)/Pods-Web3ProjectManagement-Web3ProjectManagementUITests-checkManifestLockResult.txt",
			);
			runOnlyForDeploymentPostprocessing = 0;
			shellPath = /bin/sh;
			shellScript = "diff \"${PODS_PODFILE_DIR_PATH}/Podfile.lock\" \"${PODS_ROOT}/Manifest.lock\" > /dev/null\nif [ $? != 0 ] ; then\n    # print error to STDERR\n    echo \"error: The sandbox is not in sync with the Podfile.lock. Run 'pod install' or update your CocoaPods installation.\" >&2\n    exit 1\nfi\n# This output is used by Xcode 'outputs' to avoid re-running this script phase.\necho \"SUCCESS\" > \"${SCRIPT_OUTPUT_FILE_0}\"\n";
			showEnvVarsInLog = 0;
		};
/* End PBXShellScriptBuildPhase section */

/* Begin PBXSourcesBuildPhase section */
		794AEB622A379033003A55C9 /* Sources */ = {
			isa = PBXSourcesBuildPhase;
			buildActionMask = 2147483647;
			files = (
				79D503A62A3AB5D500A33ED7 /* customNavigationController.swift in Sources */,
				79E9CD142A3BC3C2005EB563 /* newProposal3ViewController.swift in Sources */,
				7957D96C2A3A34CB0034AA4B /* proposalsViewController.swift in Sources */,
				79C44EEF2A3B70D300784CF9 /* newProjectViewController.swift in Sources */,
				794AEB9F2A37C16C003A55C9 /* IntroViewController.swift in Sources */,
				794AEB6E2A379033003A55C9 /* ViewController.swift in Sources */,
				79E9CD162A3BEE26005EB563 /* projectMembersViewController.swift in Sources */,
				794AEBA12A37D181003A55C9 /* ProjectListViewController.swift in Sources */,
				794AEB6A2A379033003A55C9 /* AppDelegate.swift in Sources */,
				79D503A32A3AA0D100A33ED7 /* proposalViewController.swift in Sources */,
				7957D96E2A3A34F40034AA4B /* proposalsTableViewCell.swift in Sources */,
				79E9CD182A3BEE7C005EB563 /* projectMembersTableViewCell.swift in Sources */,
				794AEB6C2A379033003A55C9 /* SceneDelegate.swift in Sources */,
				79E9CD122A3BC3B3005EB563 /* newProposal2ViewController.swift in Sources */,
				794AEBA32A37DD18003A55C9 /* projectListTableViewCell.swift in Sources */,
				79E9CD102A3BC3A6005EB563 /* newProposal1ViewController.swift in Sources */,
				794AEB742A379033003A55C9 /* Web3ProjectManagement.xcdatamodeld in Sources */,
			);
			runOnlyForDeploymentPostprocessing = 0;
		};
		794AEB7B2A379039003A55C9 /* Sources */ = {
			isa = PBXSourcesBuildPhase;
			buildActionMask = 2147483647;
			files = (
				794AEB842A379039003A55C9 /* Web3ProjectManagementTests.swift in Sources */,
			);
			runOnlyForDeploymentPostprocessing = 0;
		};
		794AEB852A379039003A55C9 /* Sources */ = {
			isa = PBXSourcesBuildPhase;
			buildActionMask = 2147483647;
			files = (
				794AEB902A379039003A55C9 /* Web3ProjectManagementUITestsLaunchTests.swift in Sources */,
				794AEB8E2A379039003A55C9 /* Web3ProjectManagementUITests.swift in Sources */,
			);
			runOnlyForDeploymentPostprocessing = 0;
		};
/* End PBXSourcesBuildPhase section */

/* Begin PBXTargetDependency section */
		794AEB812A379039003A55C9 /* PBXTargetDependency */ = {
			isa = PBXTargetDependency;
			target = 794AEB652A379033003A55C9 /* Web3ProjectManagement */;
			targetProxy = 794AEB802A379039003A55C9 /* PBXContainerItemProxy */;
		};
		794AEB8B2A379039003A55C9 /* PBXTargetDependency */ = {
			isa = PBXTargetDependency;
			target = 794AEB652A379033003A55C9 /* Web3ProjectManagement */;
			targetProxy = 794AEB8A2A379039003A55C9 /* PBXContainerItemProxy */;
		};
/* End PBXTargetDependency section */

/* Begin PBXVariantGroup section */
		794AEB6F2A379033003A55C9 /* Main.storyboard */ = {
			isa = PBXVariantGroup;
			children = (
				794AEB702A379033003A55C9 /* Base */,
			);
			name = Main.storyboard;
			sourceTree = "<group>";
		};
		794AEB772A379038003A55C9 /* LaunchScreen.storyboard */ = {
			isa = PBXVariantGroup;
			children = (
				794AEB782A379038003A55C9 /* Base */,
			);
			name = LaunchScreen.storyboard;
			sourceTree = "<group>";
		};
/* End PBXVariantGroup section */

/* Begin XCBuildConfiguration section */
		794AEB912A379039003A55C9 /* Debug */ = {
			isa = XCBuildConfiguration;
			buildSettings = {
				ALWAYS_SEARCH_USER_PATHS = NO;
				CLANG_ANALYZER_NONNULL = YES;
				CLANG_ANALYZER_NUMBER_OBJECT_CONVERSION = YES_AGGRESSIVE;
				CLANG_CXX_LANGUAGE_STANDARD = "gnu++20";
				CLANG_ENABLE_MODULES = YES;
				CLANG_ENABLE_OBJC_ARC = YES;
				CLANG_ENABLE_OBJC_WEAK = YES;
				CLANG_WARN_BLOCK_CAPTURE_AUTORELEASING = YES;
				CLANG_WARN_BOOL_CONVERSION = YES;
				CLANG_WARN_COMMA = YES;
				CLANG_WARN_CONSTANT_CONVERSION = YES;
				CLANG_WARN_DEPRECATED_OBJC_IMPLEMENTATIONS = YES;
				CLANG_WARN_DIRECT_OBJC_ISA_USAGE = YES_ERROR;
				CLANG_WARN_DOCUMENTATION_COMMENTS = YES;
				CLANG_WARN_EMPTY_BODY = YES;
				CLANG_WARN_ENUM_CONVERSION = YES;
				CLANG_WARN_INFINITE_RECURSION = YES;
				CLANG_WARN_INT_CONVERSION = YES;
				CLANG_WARN_NON_LITERAL_NULL_CONVERSION = YES;
				CLANG_WARN_OBJC_IMPLICIT_RETAIN_SELF = YES;
				CLANG_WARN_OBJC_LITERAL_CONVERSION = YES;
				CLANG_WARN_OBJC_ROOT_CLASS = YES_ERROR;
				CLANG_WARN_QUOTED_INCLUDE_IN_FRAMEWORK_HEADER = YES;
				CLANG_WARN_RANGE_LOOP_ANALYSIS = YES;
				CLANG_WARN_STRICT_PROTOTYPES = YES;
				CLANG_WARN_SUSPICIOUS_MOVE = YES;
				CLANG_WARN_UNGUARDED_AVAILABILITY = YES_AGGRESSIVE;
				CLANG_WARN_UNREACHABLE_CODE = YES;
				CLANG_WARN__DUPLICATE_METHOD_MATCH = YES;
				COPY_PHASE_STRIP = NO;
				DEBUG_INFORMATION_FORMAT = dwarf;
				ENABLE_STRICT_OBJC_MSGSEND = YES;
				ENABLE_TESTABILITY = YES;
				GCC_C_LANGUAGE_STANDARD = gnu11;
				GCC_DYNAMIC_NO_PIC = NO;
				GCC_NO_COMMON_BLOCKS = YES;
				GCC_OPTIMIZATION_LEVEL = 0;
				GCC_PREPROCESSOR_DEFINITIONS = (
					"DEBUG=1",
					"$(inherited)",
				);
				GCC_WARN_64_TO_32_BIT_CONVERSION = YES;
				GCC_WARN_ABOUT_RETURN_TYPE = YES_ERROR;
				GCC_WARN_UNDECLARED_SELECTOR = YES;
				GCC_WARN_UNINITIALIZED_AUTOS = YES_AGGRESSIVE;
				GCC_WARN_UNUSED_FUNCTION = YES;
				GCC_WARN_UNUSED_VARIABLE = YES;
				IPHONEOS_DEPLOYMENT_TARGET = 16.4;
				MTL_ENABLE_DEBUG_INFO = INCLUDE_SOURCE;
				MTL_FAST_MATH = YES;
				ONLY_ACTIVE_ARCH = YES;
				SDKROOT = iphoneos;
				SWIFT_ACTIVE_COMPILATION_CONDITIONS = DEBUG;
				SWIFT_OPTIMIZATION_LEVEL = "-Onone";
			};
			name = Debug;
		};
		794AEB922A379039003A55C9 /* Release */ = {
			isa = XCBuildConfiguration;
			buildSettings = {
				ALWAYS_SEARCH_USER_PATHS = NO;
				CLANG_ANALYZER_NONNULL = YES;
				CLANG_ANALYZER_NUMBER_OBJECT_CONVERSION = YES_AGGRESSIVE;
				CLANG_CXX_LANGUAGE_STANDARD = "gnu++20";
				CLANG_ENABLE_MODULES = YES;
				CLANG_ENABLE_OBJC_ARC = YES;
				CLANG_ENABLE_OBJC_WEAK = YES;
				CLANG_WARN_BLOCK_CAPTURE_AUTORELEASING = YES;
				CLANG_WARN_BOOL_CONVERSION = YES;
				CLANG_WARN_COMMA = YES;
				CLANG_WARN_CONSTANT_CONVERSION = YES;
				CLANG_WARN_DEPRECATED_OBJC_IMPLEMENTATIONS = YES;
				CLANG_WARN_DIRECT_OBJC_ISA_USAGE = YES_ERROR;
				CLANG_WARN_DOCUMENTATION_COMMENTS = YES;
				CLANG_WARN_EMPTY_BODY = YES;
				CLANG_WARN_ENUM_CONVERSION = YES;
				CLANG_WARN_INFINITE_RECURSION = YES;
				CLANG_WARN_INT_CONVERSION = YES;
				CLANG_WARN_NON_LITERAL_NULL_CONVERSION = YES;
				CLANG_WARN_OBJC_IMPLICIT_RETAIN_SELF = YES;
				CLANG_WARN_OBJC_LITERAL_CONVERSION = YES;
				CLANG_WARN_OBJC_ROOT_CLASS = YES_ERROR;
				CLANG_WARN_QUOTED_INCLUDE_IN_FRAMEWORK_HEADER = YES;
				CLANG_WARN_RANGE_LOOP_ANALYSIS = YES;
				CLANG_WARN_STRICT_PROTOTYPES = YES;
				CLANG_WARN_SUSPICIOUS_MOVE = YES;
				CLANG_WARN_UNGUARDED_AVAILABILITY = YES_AGGRESSIVE;
				CLANG_WARN_UNREACHABLE_CODE = YES;
				CLANG_WARN__DUPLICATE_METHOD_MATCH = YES;
				COPY_PHASE_STRIP = NO;
				DEBUG_INFORMATION_FORMAT = "dwarf-with-dsym";
				ENABLE_NS_ASSERTIONS = NO;
				ENABLE_STRICT_OBJC_MSGSEND = YES;
				GCC_C_LANGUAGE_STANDARD = gnu11;
				GCC_NO_COMMON_BLOCKS = YES;
				GCC_WARN_64_TO_32_BIT_CONVERSION = YES;
				GCC_WARN_ABOUT_RETURN_TYPE = YES_ERROR;
				GCC_WARN_UNDECLARED_SELECTOR = YES;
				GCC_WARN_UNINITIALIZED_AUTOS = YES_AGGRESSIVE;
				GCC_WARN_UNUSED_FUNCTION = YES;
				GCC_WARN_UNUSED_VARIABLE = YES;
				IPHONEOS_DEPLOYMENT_TARGET = 16.4;
				MTL_ENABLE_DEBUG_INFO = NO;
				MTL_FAST_MATH = YES;
				SDKROOT = iphoneos;
				SWIFT_COMPILATION_MODE = wholemodule;
				SWIFT_OPTIMIZATION_LEVEL = "-O";
				VALIDATE_PRODUCT = YES;
			};
			name = Release;
		};
		794AEB942A379039003A55C9 /* Debug */ = {
			isa = XCBuildConfiguration;
			buildSettings = {
				ASSETCATALOG_COMPILER_APPICON_NAME = "AppIcon 1";
				ASSETCATALOG_COMPILER_GLOBAL_ACCENT_COLOR_NAME = AccentColor;
				CODE_SIGN_STYLE = Automatic;
				CURRENT_PROJECT_VERSION = 1;
				DEVELOPMENT_TEAM = C5B5GESA5D;
				GENERATE_INFOPLIST_FILE = YES;
				INFOPLIST_FILE = Web3ProjectManagement/Info.plist;
				INFOPLIST_KEY_CFBundleDisplayName = ProjectManager;
				INFOPLIST_KEY_UIApplicationSupportsIndirectInputEvents = YES;
				INFOPLIST_KEY_UILaunchStoryboardName = LaunchScreen;
				INFOPLIST_KEY_UIMainStoryboardFile = Main;
				INFOPLIST_KEY_UISupportedInterfaceOrientations_iPad = "UIInterfaceOrientationPortrait UIInterfaceOrientationPortraitUpsideDown UIInterfaceOrientationLandscapeLeft UIInterfaceOrientationLandscapeRight";
				INFOPLIST_KEY_UISupportedInterfaceOrientations_iPhone = "UIInterfaceOrientationPortrait UIInterfaceOrientationLandscapeLeft UIInterfaceOrientationLandscapeRight";
				IPHONEOS_DEPLOYMENT_TARGET = 16.0;
				LD_RUNPATH_SEARCH_PATHS = (
					"$(inherited)",
					"@executable_path/Frameworks",
				);
				MARKETING_VERSION = 1.0;
				PRODUCT_BUNDLE_IDENTIFIER = wappss.Web3ProjectManagement;
				PRODUCT_NAME = "$(TARGET_NAME)";
				SWIFT_EMIT_LOC_STRINGS = YES;
				SWIFT_VERSION = 5.0;
				TARGETED_DEVICE_FAMILY = "1,2";
			};
			name = Debug;
		};
		794AEB952A379039003A55C9 /* Release */ = {
			isa = XCBuildConfiguration;
			buildSettings = {
				ASSETCATALOG_COMPILER_APPICON_NAME = "AppIcon 1";
				ASSETCATALOG_COMPILER_GLOBAL_ACCENT_COLOR_NAME = AccentColor;
				CODE_SIGN_STYLE = Automatic;
				CURRENT_PROJECT_VERSION = 1;
				DEVELOPMENT_TEAM = C5B5GESA5D;
				GENERATE_INFOPLIST_FILE = YES;
				INFOPLIST_FILE = Web3ProjectManagement/Info.plist;
				INFOPLIST_KEY_CFBundleDisplayName = ProjectManager;
				INFOPLIST_KEY_UIApplicationSupportsIndirectInputEvents = YES;
				INFOPLIST_KEY_UILaunchStoryboardName = LaunchScreen;
				INFOPLIST_KEY_UIMainStoryboardFile = Main;
				INFOPLIST_KEY_UISupportedInterfaceOrientations_iPad = "UIInterfaceOrientationPortrait UIInterfaceOrientationPortraitUpsideDown UIInterfaceOrientationLandscapeLeft UIInterfaceOrientationLandscapeRight";
				INFOPLIST_KEY_UISupportedInterfaceOrientations_iPhone = "UIInterfaceOrientationPortrait UIInterfaceOrientationLandscapeLeft UIInterfaceOrientationLandscapeRight";
				IPHONEOS_DEPLOYMENT_TARGET = 16.0;
				LD_RUNPATH_SEARCH_PATHS = (
					"$(inherited)",
					"@executable_path/Frameworks",
				);
				MARKETING_VERSION = 1.0;
				PRODUCT_BUNDLE_IDENTIFIER = wappss.Web3ProjectManagement;
				PRODUCT_NAME = "$(TARGET_NAME)";
				SWIFT_EMIT_LOC_STRINGS = YES;
				SWIFT_VERSION = 5.0;
				TARGETED_DEVICE_FAMILY = "1,2";
			};
			name = Release;
		};
		794AEB972A379039003A55C9 /* Debug */ = {
			isa = XCBuildConfiguration;
			buildSettings = {
				ALWAYS_EMBED_SWIFT_STANDARD_LIBRARIES = YES;
				BUNDLE_LOADER = "$(TEST_HOST)";
				CODE_SIGN_STYLE = Automatic;
				CURRENT_PROJECT_VERSION = 1;
				DEVELOPMENT_TEAM = C5B5GESA5D;
				GENERATE_INFOPLIST_FILE = YES;
				IPHONEOS_DEPLOYMENT_TARGET = 16.4;
				MARKETING_VERSION = 1.0;
				PRODUCT_BUNDLE_IDENTIFIER = wappss.Web3ProjectManagementTests;
				PRODUCT_NAME = "$(TARGET_NAME)";
				SWIFT_EMIT_LOC_STRINGS = NO;
				SWIFT_VERSION = 5.0;
				TARGETED_DEVICE_FAMILY = "1,2";
				TEST_HOST = "$(BUILT_PRODUCTS_DIR)/Web3ProjectManagement.app/$(BUNDLE_EXECUTABLE_FOLDER_PATH)/Web3ProjectManagement";
			};
			name = Debug;
		};
		794AEB982A379039003A55C9 /* Release */ = {
			isa = XCBuildConfiguration;
			buildSettings = {
				ALWAYS_EMBED_SWIFT_STANDARD_LIBRARIES = YES;
				BUNDLE_LOADER = "$(TEST_HOST)";
				CODE_SIGN_STYLE = Automatic;
				CURRENT_PROJECT_VERSION = 1;
				DEVELOPMENT_TEAM = C5B5GESA5D;
				GENERATE_INFOPLIST_FILE = YES;
				IPHONEOS_DEPLOYMENT_TARGET = 16.4;
				MARKETING_VERSION = 1.0;
				PRODUCT_BUNDLE_IDENTIFIER = wappss.Web3ProjectManagementTests;
				PRODUCT_NAME = "$(TARGET_NAME)";
				SWIFT_EMIT_LOC_STRINGS = NO;
				SWIFT_VERSION = 5.0;
				TARGETED_DEVICE_FAMILY = "1,2";
				TEST_HOST = "$(BUILT_PRODUCTS_DIR)/Web3ProjectManagement.app/$(BUNDLE_EXECUTABLE_FOLDER_PATH)/Web3ProjectManagement";
			};
			name = Release;
		};
		794AEB9A2A379039003A55C9 /* Debug */ = {
			isa = XCBuildConfiguration;
			buildSettings = {
				ALWAYS_EMBED_SWIFT_STANDARD_LIBRARIES = YES;
				CODE_SIGN_STYLE = Automatic;
				CURRENT_PROJECT_VERSION = 1;
				DEVELOPMENT_TEAM = C5B5GESA5D;
				GENERATE_INFOPLIST_FILE = YES;
				MARKETING_VERSION = 1.0;
				PRODUCT_BUNDLE_IDENTIFIER = wappss.Web3ProjectManagementUITests;
				PRODUCT_NAME = "$(TARGET_NAME)";
				SWIFT_EMIT_LOC_STRINGS = NO;
				SWIFT_VERSION = 5.0;
				TARGETED_DEVICE_FAMILY = "1,2";
				TEST_TARGET_NAME = Web3ProjectManagement;
			};
			name = Debug;
		};
		794AEB9B2A379039003A55C9 /* Release */ = {
			isa = XCBuildConfiguration;
			buildSettings = {
				ALWAYS_EMBED_SWIFT_STANDARD_LIBRARIES = YES;
				CODE_SIGN_STYLE = Automatic;
				CURRENT_PROJECT_VERSION = 1;
				DEVELOPMENT_TEAM = C5B5GESA5D;
				GENERATE_INFOPLIST_FILE = YES;
				MARKETING_VERSION = 1.0;
				PRODUCT_BUNDLE_IDENTIFIER = wappss.Web3ProjectManagementUITests;
				PRODUCT_NAME = "$(TARGET_NAME)";
				SWIFT_EMIT_LOC_STRINGS = NO;
				SWIFT_VERSION = 5.0;
				TARGETED_DEVICE_FAMILY = "1,2";
				TEST_TARGET_NAME = Web3ProjectManagement;
			};
			name = Release;
		};
/* End XCBuildConfiguration section */

/* Begin XCConfigurationList section */
		794AEB612A379033003A55C9 /* Build configuration list for PBXProject "Web3ProjectManagement" */ = {
			isa = XCConfigurationList;
			buildConfigurations = (
				794AEB912A379039003A55C9 /* Debug */,
				794AEB922A379039003A55C9 /* Release */,
			);
			defaultConfigurationIsVisible = 0;
			defaultConfigurationName = Release;
		};
		794AEB932A379039003A55C9 /* Build configuration list for PBXNativeTarget "Web3ProjectManagement" */ = {
			isa = XCConfigurationList;
			buildConfigurations = (
				794AEB942A379039003A55C9 /* Debug */,
				794AEB952A379039003A55C9 /* Release */,
			);
			defaultConfigurationIsVisible = 0;
			defaultConfigurationName = Release;
		};
		794AEB962A379039003A55C9 /* Build configuration list for PBXNativeTarget "Web3ProjectManagementTests" */ = {
			isa = XCConfigurationList;
			buildConfigurations = (
				794AEB972A379039003A55C9 /* Debug */,
				794AEB982A379039003A55C9 /* Release */,
			);
			defaultConfigurationIsVisible = 0;
			defaultConfigurationName = Release;
		};
		794AEB992A379039003A55C9 /* Build configuration list for PBXNativeTarget "Web3ProjectManagementUITests" */ = {
			isa = XCConfigurationList;
			buildConfigurations = (
				794AEB9A2A379039003A55C9 /* Debug */,
				794AEB9B2A379039003A55C9 /* Release */,
			);
			defaultConfigurationIsVisible = 0;
			defaultConfigurationName = Release;
		};
/* End XCConfigurationList section */

/* Begin XCRemoteSwiftPackageReference section */
		794AEBE82A37F436003A55C9 /* XCRemoteSwiftPackageReference "web3swift" */ = {
			isa = XCRemoteSwiftPackageReference;
			repositoryURL = "https://github.com/web3swift-team/web3swift.git";
			requirement = {
				kind = upToNextMajorVersion;
				minimumVersion = 3.0.0;
			};
		};
/* End XCRemoteSwiftPackageReference section */

/* Begin XCSwiftPackageProductDependency section */
		794AEBE92A37F436003A55C9 /* web3swift */ = {
			isa = XCSwiftPackageProductDependency;
			package = 794AEBE82A37F436003A55C9 /* XCRemoteSwiftPackageReference "web3swift" */;
			productName = web3swift;
		};
/* End XCSwiftPackageProductDependency section */

/* Begin XCVersionGroup section */
		794AEB722A379033003A55C9 /* Web3ProjectManagement.xcdatamodeld */ = {
			isa = XCVersionGroup;
			children = (
				794AEB732A379033003A55C9 /* Web3ProjectManagement.xcdatamodel */,
			);
			currentVersion = 794AEB732A379033003A55C9 /* Web3ProjectManagement.xcdatamodel */;
			path = Web3ProjectManagement.xcdatamodeld;
			sourceTree = "<group>";
			versionGroupType = wrapper.xcdatamodel;
		};
/* End XCVersionGroup section */
	};
	rootObject = 794AEB5E2A379033003A55C9 /* Project object */;
}
